
Microsoft Visual Studio Solution File, Format Version 12.00
# Visual Studio Version 17
VisualStudioVersion = 17.5.002.0
MinimumVisualStudioVersion = 10.0.40219.1
Project("{9A19103F-16F7-4668-BE54-9A1E7A4F7556}") = "RTVEuroAGDCalculator", "RTVEuroAGDCalculator.csproj", "{8045CEC6-78A3-42AD-93D4-A465954E0A10}"
EndProject
Global
	GlobalSection(SolutionConfigurationPlatforms) = preSolution
		Debug|Any CPU = Debug|Any CPU
		Release|Any CPU = Release|Any CPU
	EndGlobalSection
	GlobalSection(ProjectConfigurationPlatforms) = postSolution
		{8045CEC6-78A3-42AD-93D4-A465954E0A10}.Debug|Any CPU.ActiveCfg = Debug|Any CPU
		{8045CEC6-78A3-42AD-93D4-A465954E0A10}.Debug|Any CPU.Build.0 = Debug|Any CPU
		{8045CEC6-78A3-42AD-93D4-A465954E0A10}.Release|Any CPU.ActiveCfg = Release|Any CPU
		{8045CEC6-78A3-42AD-93D4-A465954E0A10}.Release|Any CPU.Build.0 = Release|Any CPU
	EndGlobalSection
	GlobalSection(SolutionProperties) = preSolution
		HideSolutionNode = FALSE
	EndGlobalSection
	GlobalSection(ExtensibilityGlobals) = postSolution
		SolutionGuid = {B337DE99-7856-4EF5-8F99-8EFCDD4F7F86}
	EndGlobalSection
EndGlobal
